
Microsoft Visual Studio Solution File, Format Version 12.00
# Visual Studio Version 17
VisualStudioVersion = 17.5.002.0
MinimumVisualStudioVersion = 10.0.40219.1
Project("{9A19103F-16F7-4668-BE54-9A1E7A4F7556}") = "FirstWebMVC", "FirstWebMVC\FirstWebMVC.csproj", "{ECA36C06-2037-4900-9635-E866041E17FE}"
EndProject
Project("{9A19103F-16F7-4668-BE54-9A1E7A4F7556}") = "NewApp", "NewApp\NewApp.csproj", "{2D007312-CFD4-4A8F-BB25-0AF99D1C4501}"
EndProject
Global
	GlobalSection(SolutionConfigurationPlatforms) = preSolution
		Debug|Any CPU = Debug|Any CPU
		Release|Any CPU = Release|Any CPU
	EndGlobalSection
	GlobalSection(ProjectConfigurationPlatforms) = postSolution
		{ECA36C06-2037-4900-9635-E866041E17FE}.Debug|Any CPU.ActiveCfg = Debug|Any CPU
		{ECA36C06-2037-4900-9635-E866041E17FE}.Debug|Any CPU.Build.0 = Debug|Any CPU
		{ECA36C06-2037-4900-9635-E866041E17FE}.Release|Any CPU.ActiveCfg = Release|Any CPU
		{ECA36C06-2037-4900-9635-E866041E17FE}.Release|Any CPU.Build.0 = Release|Any CPU
		{2D007312-CFD4-4A8F-BB25-0AF99D1C4501}.Debug|Any CPU.ActiveCfg = Debug|Any CPU
		{2D007312-CFD4-4A8F-BB25-0AF99D1C4501}.Debug|Any CPU.Build.0 = Debug|Any CPU
		{2D007312-CFD4-4A8F-BB25-0AF99D1C4501}.Release|Any CPU.ActiveCfg = Release|Any CPU
		{2D007312-CFD4-4A8F-BB25-0AF99D1C4501}.Release|Any CPU.Build.0 = Release|Any CPU
	EndGlobalSection
	GlobalSection(SolutionProperties) = preSolution
		HideSolutionNode = FALSE
	EndGlobalSection
	GlobalSection(ExtensibilityGlobals) = postSolution
		SolutionGuid = {D49C41BC-DDC3-480B-B755-B8B020FFE5E6}
	EndGlobalSection
EndGlobal
